
Microsoft Visual Studio Solution File, Format Version 12.00
# Visual Studio 15
VisualStudioVersion = 15.0.26228.9
MinimumVisualStudioVersion = 10.0.40219.1
Project("{FAE04EC0-301F-11D3-BF4B-00C04F79EFBC}") = "DotNetCoreService", "DotNetCoreService\DotNetCoreService.csproj", "{75264BEC-E2A5-4C77-8990-573067E6E957}"
EndProject
Project("{FAE04EC0-301F-11D3-BF4B-00C04F79EFBC}") = "JavaScriptModules", "JavaScriptModules\JavaScriptModules.csproj", "{1603DD0F-451F-4E7B-AA11-D998DC40E6FC}"
EndProject
Global
	GlobalSection(SolutionConfigurationPlatforms) = preSolution
		Debug|Any CPU = Debug|Any CPU
		Release|Any CPU = Release|Any CPU
	EndGlobalSection
	GlobalSection(ProjectConfigurationPlatforms) = postSolution
		{75264BEC-E2A5-4C77-8990-573067E6E957}.Debug|Any CPU.ActiveCfg = Debug|Any CPU
		{75264BEC-E2A5-4C77-8990-573067E6E957}.Debug|Any CPU.Build.0 = Debug|Any CPU
		{75264BEC-E2A5-4C77-8990-573067E6E957}.Release|Any CPU.ActiveCfg = Release|Any CPU
		{75264BEC-E2A5-4C77-8990-573067E6E957}.Release|Any CPU.Build.0 = Release|Any CPU
		{1603DD0F-451F-4E7B-AA11-D998DC40E6FC}.Debug|Any CPU.ActiveCfg = Debug|Any CPU
		{1603DD0F-451F-4E7B-AA11-D998DC40E6FC}.Debug|Any CPU.Build.0 = Debug|Any CPU
		{1603DD0F-451F-4E7B-AA11-D998DC40E6FC}.Release|Any CPU.ActiveCfg = Release|Any CPU
		{1603DD0F-451F-4E7B-AA11-D998DC40E6FC}.Release|Any CPU.Build.0 = Release|Any CPU
	EndGlobalSection
	GlobalSection(SolutionProperties) = preSolution
		HideSolutionNode = FALSE
	EndGlobalSection
EndGlobal
